// !$*UTF8*$!
{
	archiveVersion = 1;
	classes = {
	};
	objectVersion = 50;
	objects = {

/* Begin PBXBuildFile section */
		30D03218281F029E00D4BBEB /* ResultLogic.swift in Sources */ = {isa = PBXBuildFile; fileRef = 30D03217281F029E00D4BBEB /* ResultLogic.swift */; };
		30D0321A2821797E00D4BBEB /* MathJSResultView.swift in Sources */ = {isa = PBXBuildFile; fileRef = 30D032192821797E00D4BBEB /* MathJSResultView.swift */; };
		30D0321C2821B99D00D4BBEB /* ResultViewController.swift in Sources */ = {isa = PBXBuildFile; fileRef = 30D0321B2821B99D00D4BBEB /* ResultViewController.swift */; };
		30D032202821BAE600D4BBEB /* MathOperation.swift in Sources */ = {isa = PBXBuildFile; fileRef = 30D0321F2821BAE600D4BBEB /* MathOperation.swift */; };
		30D032222821BB2200D4BBEB /* MathJSAPI.swift in Sources */ = {isa = PBXBuildFile; fileRef = 30D032212821BB2200D4BBEB /* MathJSAPI.swift */; };
		30D032252821BC0400D4BBEB /* OperationData.swift in Sources */ = {isa = PBXBuildFile; fileRef = 30D032242821BC0400D4BBEB /* OperationData.swift */; };
		30D032272821BC2200D4BBEB /* MathJSWaitingView.swift in Sources */ = {isa = PBXBuildFile; fileRef = 30D032262821BC2200D4BBEB /* MathJSWaitingView.swift */; };
		30D15181281EB58000BBDBE4 /* AppDelegate.swift in Sources */ = {isa = PBXBuildFile; fileRef = 30D15180281EB58000BBDBE4 /* AppDelegate.swift */; };
		30D15185281EB58000BBDBE4 /* CalculatorViewController.swift in Sources */ = {isa = PBXBuildFile; fileRef = 30D15184281EB58000BBDBE4 /* CalculatorViewController.swift */; };
		30D1518A281EB58400BBDBE4 /* Assets.xcassets in Resources */ = {isa = PBXBuildFile; fileRef = 30D15189281EB58400BBDBE4 /* Assets.xcassets */; };
		30D1518D281EB58400BBDBE4 /* LaunchScreen.storyboard in Resources */ = {isa = PBXBuildFile; fileRef = 30D1518B281EB58400BBDBE4 /* LaunchScreen.storyboard */; };
		30D15198281EB58400BBDBE4 /* BinarAppsRecruitmentTaskTests.swift in Sources */ = {isa = PBXBuildFile; fileRef = 30D15197281EB58400BBDBE4 /* BinarAppsRecruitmentTaskTests.swift */; };
		30D151A3281EC5F800BBDBE4 /* CalculatorLogic.swift in Sources */ = {isa = PBXBuildFile; fileRef = 30D151A2281EC5F800BBDBE4 /* CalculatorLogic.swift */; };
/* End PBXBuildFile section */

/* Begin PBXContainerItemProxy section */
		30D15194281EB58400BBDBE4 /* PBXContainerItemProxy */ = {
			isa = PBXContainerItemProxy;
			containerPortal = 30D15175281EB58000BBDBE4 /* Project object */;
			proxyType = 1;
			remoteGlobalIDString = 30D1517C281EB58000BBDBE4;
			remoteInfo = BinarAppRecruitmentTask;
		};
/* End PBXContainerItemProxy section */

/* Begin PBXFileReference section */
		30D03217281F029E00D4BBEB /* ResultLogic.swift */ = {isa = PBXFileReference; lastKnownFileType = sourcecode.swift; path = ResultLogic.swift; sourceTree = "<group>"; };
		30D032192821797E00D4BBEB /* MathJSResultView.swift */ = {isa = PBXFileReference; lastKnownFileType = sourcecode.swift; path = MathJSResultView.swift; sourceTree = "<group>"; };
		30D0321B2821B99D00D4BBEB /* ResultViewController.swift */ = {isa = PBXFileReference; lastKnownFileType = sourcecode.swift; path = ResultViewController.swift; sourceTree = "<group>"; };
		30D0321F2821BAE600D4BBEB /* MathOperation.swift */ = {isa = PBXFileReference; lastKnownFileType = sourcecode.swift; path = MathOperation.swift; sourceTree = "<group>"; };
		30D032212821BB2200D4BBEB /* MathJSAPI.swift */ = {isa = PBXFileReference; lastKnownFileType = sourcecode.swift; path = MathJSAPI.swift; sourceTree = "<group>"; };
		30D032242821BC0400D4BBEB /* OperationData.swift */ = {isa = PBXFileReference; lastKnownFileType = sourcecode.swift; path = OperationData.swift; sourceTree = "<group>"; };
		30D032262821BC2200D4BBEB /* MathJSWaitingView.swift */ = {isa = PBXFileReference; lastKnownFileType = sourcecode.swift; path = MathJSWaitingView.swift; sourceTree = "<group>"; };
		30D1517D281EB58000BBDBE4 /* BinarAppsRecruitmentTask.app */ = {isa = PBXFileReference; explicitFileType = wrapper.application; includeInIndex = 0; path = BinarAppsRecruitmentTask.app; sourceTree = BUILT_PRODUCTS_DIR; };
		30D15180281EB58000BBDBE4 /* AppDelegate.swift */ = {isa = PBXFileReference; lastKnownFileType = sourcecode.swift; path = AppDelegate.swift; sourceTree = "<group>"; };
		30D15184281EB58000BBDBE4 /* CalculatorViewController.swift */ = {isa = PBXFileReference; lastKnownFileType = sourcecode.swift; path = CalculatorViewController.swift; sourceTree = "<group>"; };
		30D15189281EB58400BBDBE4 /* Assets.xcassets */ = {isa = PBXFileReference; lastKnownFileType = folder.assetcatalog; path = Assets.xcassets; sourceTree = "<group>"; };
		30D1518C281EB58400BBDBE4 /* Base */ = {isa = PBXFileReference; lastKnownFileType = file.storyboard; name = Base; path = Base.lproj/LaunchScreen.storyboard; sourceTree = "<group>"; };
		30D1518E281EB58400BBDBE4 /* Info.plist */ = {isa = PBXFileReference; lastKnownFileType = text.plist.xml; name = Info.plist; path = BinarAppsRecruitmentTask/Info.plist; sourceTree = SOURCE_ROOT; };
		30D15193281EB58400BBDBE4 /* BinarAppsRecruitmentTaskTests.xctest */ = {isa = PBXFileReference; explicitFileType = wrapper.cfbundle; includeInIndex = 0; path = BinarAppsRecruitmentTaskTests.xctest; sourceTree = BUILT_PRODUCTS_DIR; };
		30D15197281EB58400BBDBE4 /* BinarAppsRecruitmentTaskTests.swift */ = {isa = PBXFileReference; lastKnownFileType = sourcecode.swift; path = BinarAppsRecruitmentTaskTests.swift; sourceTree = "<group>"; };
		30D15199281EB58400BBDBE4 /* Info.plist */ = {isa = PBXFileReference; lastKnownFileType = text.plist.xml; path = Info.plist; sourceTree = "<group>"; };
		30D151A2281EC5F800BBDBE4 /* CalculatorLogic.swift */ = {isa = PBXFileReference; lastKnownFileType = sourcecode.swift; path = CalculatorLogic.swift; sourceTree = "<group>"; };
/* End PBXFileReference section */

/* Begin PBXFrameworksBuildPhase section */
		30D1517A281EB58000BBDBE4 /* Frameworks */ = {
			isa = PBXFrameworksBuildPhase;
			buildActionMask = 2147483647;
			files = (
			);
			runOnlyForDeploymentPostprocessing = 0;
		};
		30D15190281EB58400BBDBE4 /* Frameworks */ = {
			isa = PBXFrameworksBuildPhase;
			buildActionMask = 2147483647;
			files = (
			);
			runOnlyForDeploymentPostprocessing = 0;
		};
/* End PBXFrameworksBuildPhase section */

/* Begin PBXGroup section */
		30D0321D2821B9CD00D4BBEB /* Calculator */ = {
			isa = PBXGroup;
			children = (
				30D032292821BDCB00D4BBEB /* Controller */,
			);
			path = Calculator;
			sourceTree = "<group>";
		};
		30D0321E2821B9DE00D4BBEB /* Result */ = {
			isa = PBXGroup;
			children = (
				30D0322B2821BE3100D4BBEB /* View */,
				30D0322A2821BE1C00D4BBEB /* Controller */,
			);
			path = Result;
			sourceTree = "<group>";
		};
		30D032232821BB3D00D4BBEB /* Model */ = {
			isa = PBXGroup;
			children = (
				30D032242821BC0400D4BBEB /* OperationData.swift */,
			);
			path = Model;
			sourceTree = "<group>";
		};
		30D032282821BDBA00D4BBEB /* Common */ = {
			isa = PBXGroup;
			children = (
				30D032232821BB3D00D4BBEB /* Model */,
			);
			path = Common;
			sourceTree = "<group>";
		};
		30D032292821BDCB00D4BBEB /* Controller */ = {
			isa = PBXGroup;
			children = (
				30D15184281EB58000BBDBE4 /* CalculatorViewController.swift */,
				30D151A2281EC5F800BBDBE4 /* CalculatorLogic.swift */,
				30D0321F2821BAE600D4BBEB /* MathOperation.swift */,
			);
			path = Controller;
			sourceTree = "<group>";
		};
		30D0322A2821BE1C00D4BBEB /* Controller */ = {
			isa = PBXGroup;
			children = (
				30D0321B2821B99D00D4BBEB /* ResultViewController.swift */,
				30D03217281F029E00D4BBEB /* ResultLogic.swift */,
				30D032212821BB2200D4BBEB /* MathJSAPI.swift */,
			);
			path = Controller;
			sourceTree = "<group>";
		};
		30D0322B2821BE3100D4BBEB /* View */ = {
			isa = PBXGroup;
			children = (
				30D032192821797E00D4BBEB /* MathJSResultView.swift */,
				30D032262821BC2200D4BBEB /* MathJSWaitingView.swift */,
			);
			path = View;
			sourceTree = "<group>";
		};
		30D15174281EB58000BBDBE4 = {
			isa = PBXGroup;
			children = (
				30D1517F281EB58000BBDBE4 /* BinarAppsRecruitmentTask */,
				30D15196281EB58400BBDBE4 /* BinarAppsRecruitmentTaskTests */,
				30D1517E281EB58000BBDBE4 /* Products */,
			);
			sourceTree = "<group>";
		};
		30D1517E281EB58000BBDBE4 /* Products */ = {
			isa = PBXGroup;
			children = (
				30D1517D281EB58000BBDBE4 /* BinarAppsRecruitmentTask.app */,
				30D15193281EB58400BBDBE4 /* BinarAppsRecruitmentTaskTests.xctest */,
			);
			name = Products;
			sourceTree = "<group>";
		};
		30D1517F281EB58000BBDBE4 /* BinarAppsRecruitmentTask */ = {
			isa = PBXGroup;
			children = (
				30D032282821BDBA00D4BBEB /* Common */,
				30D0321D2821B9CD00D4BBEB /* Calculator */,
				30D0321E2821B9DE00D4BBEB /* Result */,
				30D15180281EB58000BBDBE4 /* AppDelegate.swift */,
				30D15189281EB58400BBDBE4 /* Assets.xcassets */,
				30D1518B281EB58400BBDBE4 /* LaunchScreen.storyboard */,
				30D1518E281EB58400BBDBE4 /* Info.plist */,
			);
			path = BinarAppsRecruitmentTask;
			sourceTree = "<group>";
		};
		30D15196281EB58400BBDBE4 /* BinarAppsRecruitmentTaskTests */ = {
			isa = PBXGroup;
			children = (
				30D15197281EB58400BBDBE4 /* BinarAppsRecruitmentTaskTests.swift */,
				30D15199281EB58400BBDBE4 /* Info.plist */,
			);
			path = BinarAppsRecruitmentTaskTests;
			sourceTree = "<group>";
		};
/* End PBXGroup section */

/* Begin PBXNativeTarget section */
		30D1517C281EB58000BBDBE4 /* BinarAppsRecruitmentTask */ = {
			isa = PBXNativeTarget;
			buildConfigurationList = 30D1519C281EB58400BBDBE4 /* Build configuration list for PBXNativeTarget "BinarAppsRecruitmentTask" */;
			buildPhases = (
				30D15179281EB58000BBDBE4 /* Sources */,
				30D1517A281EB58000BBDBE4 /* Frameworks */,
				30D1517B281EB58000BBDBE4 /* Resources */,
			);
			buildRules = (
			);
			dependencies = (
			);
			name = BinarAppsRecruitmentTask;
			productName = BinarAppRecruitmentTask;
			productReference = 30D1517D281EB58000BBDBE4 /* BinarAppsRecruitmentTask.app */;
			productType = "com.apple.product-type.application";
		};
		30D15192281EB58400BBDBE4 /* BinarAppsRecruitmentTaskTests */ = {
			isa = PBXNativeTarget;
			buildConfigurationList = 30D1519F281EB58400BBDBE4 /* Build configuration list for PBXNativeTarget "BinarAppsRecruitmentTaskTests" */;
			buildPhases = (
				30D1518F281EB58400BBDBE4 /* Sources */,
				30D15190281EB58400BBDBE4 /* Frameworks */,
				30D15191281EB58400BBDBE4 /* Resources */,
			);
			buildRules = (
			);
			dependencies = (
				30D15195281EB58400BBDBE4 /* PBXTargetDependency */,
			);
			name = BinarAppsRecruitmentTaskTests;
			productName = BinarAppRecruitmentTaskTests;
			productReference = 30D15193281EB58400BBDBE4 /* BinarAppsRecruitmentTaskTests.xctest */;
			productType = "com.apple.product-type.bundle.unit-test";
		};
/* End PBXNativeTarget section */

/* Begin PBXProject section */
		30D15175281EB58000BBDBE4 /* Project object */ = {
			isa = PBXProject;
			attributes = {
				LastSwiftUpdateCheck = 1130;
				LastUpgradeCheck = 1130;
				ORGANIZATIONNAME = "Tomasz Paluch";
				TargetAttributes = {
					30D1517C281EB58000BBDBE4 = {
						CreatedOnToolsVersion = 11.3.1;
					};
					30D15192281EB58400BBDBE4 = {
						CreatedOnToolsVersion = 11.3.1;
						TestTargetID = 30D1517C281EB58000BBDBE4;
					};
				};
			};
			buildConfigurationList = 30D15178281EB58000BBDBE4 /* Build configuration list for PBXProject "BinarAppsRecruitmentTask" */;
			compatibilityVersion = "Xcode 9.3";
			developmentRegion = en;
			hasScannedForEncodings = 0;
			knownRegions = (
				en,
				Base,
			);
			mainGroup = 30D15174281EB58000BBDBE4;
			productRefGroup = 30D1517E281EB58000BBDBE4 /* Products */;
			projectDirPath = "";
			projectRoot = "";
			targets = (
				30D1517C281EB58000BBDBE4 /* BinarAppsRecruitmentTask */,
				30D15192281EB58400BBDBE4 /* BinarAppsRecruitmentTaskTests */,
			);
		};
/* End PBXProject section */

/* Begin PBXResourcesBuildPhase section */
		30D1517B281EB58000BBDBE4 /* Resources */ = {
			isa = PBXResourcesBuildPhase;
			buildActionMask = 2147483647;
			files = (
				30D1518D281EB58400BBDBE4 /* LaunchScreen.storyboard in Resources */,
				30D1518A281EB58400BBDBE4 /* Assets.xcassets in Resources */,
			);
			runOnlyForDeploymentPostprocessing = 0;
		};
		30D15191281EB58400BBDBE4 /* Resources */ = {
			isa = PBXResourcesBuildPhase;
			buildActionMask = 2147483647;
			files = (
			);
			runOnlyForDeploymentPostprocessing = 0;
		};
/* End PBXResourcesBuildPhase section */

/* Begin PBXSourcesBuildPhase section */
		30D15179281EB58000BBDBE4 /* Sources */ = {
			isa = PBXSourcesBuildPhase;
			buildActionMask = 2147483647;
			files = (
				30D15185281EB58000BBDBE4 /* CalculatorViewController.swift in Sources */,
				30D032202821BAE600D4BBEB /* MathOperation.swift in Sources */,
				30D03218281F029E00D4BBEB /* ResultLogic.swift in Sources */,
				30D032272821BC2200D4BBEB /* MathJSWaitingView.swift in Sources */,
				30D032222821BB2200D4BBEB /* MathJSAPI.swift in Sources */,
				30D151A3281EC5F800BBDBE4 /* CalculatorLogic.swift in Sources */,
				30D0321A2821797E00D4BBEB /* MathJSResultView.swift in Sources */,
				30D15181281EB58000BBDBE4 /* AppDelegate.swift in Sources */,
				30D0321C2821B99D00D4BBEB /* ResultViewController.swift in Sources */,
				30D032252821BC0400D4BBEB /* OperationData.swift in Sources */,
			);
			runOnlyForDeploymentPostprocessing = 0;
		};
		30D1518F281EB58400BBDBE4 /* Sources */ = {
			isa = PBXSourcesBuildPhase;
			buildActionMask = 2147483647;
			files = (
				30D15198281EB58400BBDBE4 /* BinarAppsRecruitmentTaskTests.swift in Sources */,
			);
			runOnlyForDeploymentPostprocessing = 0;
		};
/* End PBXSourcesBuildPhase section */

/* Begin PBXTargetDependency section */
		30D15195281EB58400BBDBE4 /* PBXTargetDependency */ = {
			isa = PBXTargetDependency;
			target = 30D1517C281EB58000BBDBE4 /* BinarAppsRecruitmentTask */;
			targetProxy = 30D15194281EB58400BBDBE4 /* PBXContainerItemProxy */;
		};
/* End PBXTargetDependency section */

/* Begin PBXVariantGroup section */
		30D1518B281EB58400BBDBE4 /* LaunchScreen.storyboard */ = {
			isa = PBXVariantGroup;
			children = (
				30D1518C281EB58400BBDBE4 /* Base */,
			);
			name = LaunchScreen.storyboard;
			sourceTree = "<group>";
		};
/* End PBXVariantGroup section */

/* Begin XCBuildConfiguration section */
		30D1519A281EB58400BBDBE4 /* Debug */ = {
			isa = XCBuildConfiguration;
			buildSettings = {
				ALWAYS_SEARCH_USER_PATHS = NO;
				CLANG_ANALYZER_NONNULL = YES;
				CLANG_ANALYZER_NUMBER_OBJECT_CONVERSION = YES_AGGRESSIVE;
				CLANG_CXX_LANGUAGE_STANDARD = "gnu++14";
				CLANG_CXX_LIBRARY = "libc++";
				CLANG_ENABLE_MODULES = YES;
				CLANG_ENABLE_OBJC_ARC = YES;
				CLANG_ENABLE_OBJC_WEAK = YES;
				CLANG_WARN_BLOCK_CAPTURE_AUTORELEASING = YES;
				CLANG_WARN_BOOL_CONVERSION = YES;
				CLANG_WARN_COMMA = YES;
				CLANG_WARN_CONSTANT_CONVERSION = YES;
				CLANG_WARN_DEPRECATED_OBJC_IMPLEMENTATIONS = YES;
				CLANG_WARN_DIRECT_OBJC_ISA_USAGE = YES_ERROR;
				CLANG_WARN_DOCUMENTATION_COMMENTS = YES;
				CLANG_WARN_EMPTY_BODY = YES;
				CLANG_WARN_ENUM_CONVERSION = YES;
				CLANG_WARN_INFINITE_RECURSION = YES;
				CLANG_WARN_INT_CONVERSION = YES;
				CLANG_WARN_NON_LITERAL_NULL_CONVERSION = YES;
				CLANG_WARN_OBJC_IMPLICIT_RETAIN_SELF = YES;
				CLANG_WARN_OBJC_LITERAL_CONVERSION = YES;
				CLANG_WARN_OBJC_ROOT_CLASS = YES_ERROR;
				CLANG_WARN_RANGE_LOOP_ANALYSIS = YES;
				CLANG_WARN_STRICT_PROTOTYPES = YES;
				CLANG_WARN_SUSPICIOUS_MOVE = YES;
				CLANG_WARN_UNGUARDED_AVAILABILITY = YES_AGGRESSIVE;
				CLANG_WARN_UNREACHABLE_CODE = YES;
				CLANG_WARN__DUPLICATE_METHOD_MATCH = YES;
				COPY_PHASE_STRIP = NO;
				DEBUG_INFORMATION_FORMAT = dwarf;
				ENABLE_STRICT_OBJC_MSGSEND = YES;
				ENABLE_TESTABILITY = YES;
				GCC_C_LANGUAGE_STANDARD = gnu11;
				GCC_DYNAMIC_NO_PIC = NO;
				GCC_NO_COMMON_BLOCKS = YES;
				GCC_OPTIMIZATION_LEVEL = 0;
				GCC_PREPROCESSOR_DEFINITIONS = (
					"DEBUG=1",
					"$(inherited)",
				);
				GCC_WARN_64_TO_32_BIT_CONVERSION = YES;
				GCC_WARN_ABOUT_RETURN_TYPE = YES_ERROR;
				GCC_WARN_UNDECLARED_SELECTOR = YES;
				GCC_WARN_UNINITIALIZED_AUTOS = YES_AGGRESSIVE;
				GCC_WARN_UNUSED_FUNCTION = YES;
				GCC_WARN_UNUSED_VARIABLE = YES;
				INFOPLIST_FILE = "";
				IPHONEOS_DEPLOYMENT_TARGET = 13.2;
				MTL_ENABLE_DEBUG_INFO = INCLUDE_SOURCE;
				MTL_FAST_MATH = YES;
				ONLY_ACTIVE_ARCH = YES;
				SDKROOT = iphoneos;
				SWIFT_ACTIVE_COMPILATION_CONDITIONS = DEBUG;
				SWIFT_OPTIMIZATION_LEVEL = "-Onone";
			};
			name = Debug;
		};
		30D1519B281EB58400BBDBE4 /* Release */ = {
			isa = XCBuildConfiguration;
			buildSettings = {
				ALWAYS_SEARCH_USER_PATHS = NO;
				CLANG_ANALYZER_NONNULL = YES;
				CLANG_ANALYZER_NUMBER_OBJECT_CONVERSION = YES_AGGRESSIVE;
				CLANG_CXX_LANGUAGE_STANDARD = "gnu++14";
				CLANG_CXX_LIBRARY = "libc++";
				CLANG_ENABLE_MODULES = YES;
				CLANG_ENABLE_OBJC_ARC = YES;
				CLANG_ENABLE_OBJC_WEAK = YES;
				CLANG_WARN_BLOCK_CAPTURE_AUTORELEASING = YES;
				CLANG_WARN_BOOL_CONVERSION = YES;
				CLANG_WARN_COMMA = YES;
				CLANG_WARN_CONSTANT_CONVERSION = YES;
				CLANG_WARN_DEPRECATED_OBJC_IMPLEMENTATIONS = YES;
				CLANG_WARN_DIRECT_OBJC_ISA_USAGE = YES_ERROR;
				CLANG_WARN_DOCUMENTATION_COMMENTS = YES;
				CLANG_WARN_EMPTY_BODY = YES;
				CLANG_WARN_ENUM_CONVERSION = YES;
				CLANG_WARN_INFINITE_RECURSION = YES;
				CLANG_WARN_INT_CONVERSION = YES;
				CLANG_WARN_NON_LITERAL_NULL_CONVERSION = YES;
				CLANG_WARN_OBJC_IMPLICIT_RETAIN_SELF = YES;
				CLANG_WARN_OBJC_LITERAL_CONVERSION = YES;
				CLANG_WARN_OBJC_ROOT_CLASS = YES_ERROR;
				CLANG_WARN_RANGE_LOOP_ANALYSIS = YES;
				CLANG_WARN_STRICT_PROTOTYPES = YES;
				CLANG_WARN_SUSPICIOUS_MOVE = YES;
				CLANG_WARN_UNGUARDED_AVAILABILITY = YES_AGGRESSIVE;
				CLANG_WARN_UNREACHABLE_CODE = YES;
				CLANG_WARN__DUPLICATE_METHOD_MATCH = YES;
				COPY_PHASE_STRIP = NO;
				DEBUG_INFORMATION_FORMAT = "dwarf-with-dsym";
				ENABLE_NS_ASSERTIONS = NO;
				ENABLE_STRICT_OBJC_MSGSEND = YES;
				GCC_C_LANGUAGE_STANDARD = gnu11;
				GCC_NO_COMMON_BLOCKS = YES;
				GCC_WARN_64_TO_32_BIT_CONVERSION = YES;
				GCC_WARN_ABOUT_RETURN_TYPE = YES_ERROR;
				GCC_WARN_UNDECLARED_SELECTOR = YES;
				GCC_WARN_UNINITIALIZED_AUTOS = YES_AGGRESSIVE;
				GCC_WARN_UNUSED_FUNCTION = YES;
				GCC_WARN_UNUSED_VARIABLE = YES;
				INFOPLIST_FILE = "";
				IPHONEOS_DEPLOYMENT_TARGET = 13.2;
				MTL_ENABLE_DEBUG_INFO = NO;
				MTL_FAST_MATH = YES;
				SDKROOT = iphoneos;
				SWIFT_COMPILATION_MODE = wholemodule;
				SWIFT_OPTIMIZATION_LEVEL = "-O";
				VALIDATE_PRODUCT = YES;
			};
			name = Release;
		};
		30D1519D281EB58400BBDBE4 /* Debug */ = {
			isa = XCBuildConfiguration;
			buildSettings = {
				ASSETCATALOG_COMPILER_APPICON_NAME = AppIcon;
				CODE_SIGN_STYLE = Automatic;
				INFOPLIST_FILE = BinarAppsRecruitmentTask/Info.plist;
				LD_RUNPATH_SEARCH_PATHS = (
					"$(inherited)",
					"@executable_path/Frameworks",
				);
				PRODUCT_BUNDLE_IDENTIFIER = tp.BinarAppsRecruitmentTask;
				PRODUCT_NAME = BinarAppsRecruitmentTask;
				SWIFT_VERSION = 5.0;
				TARGETED_DEVICE_FAMILY = "1,2";
			};
			name = Debug;
		};
		30D1519E281EB58400BBDBE4 /* Release */ = {
			isa = XCBuildConfiguration;
			buildSettings = {
				ASSETCATALOG_COMPILER_APPICON_NAME = AppIcon;
				CODE_SIGN_STYLE = Automatic;
				INFOPLIST_FILE = BinarAppsRecruitmentTask/Info.plist;
				LD_RUNPATH_SEARCH_PATHS = (
					"$(inherited)",
					"@executable_path/Frameworks",
				);
				PRODUCT_BUNDLE_IDENTIFIER = tp.BinarAppsRecruitmentTask;
				PRODUCT_NAME = BinarAppsRecruitmentTask;
				SWIFT_VERSION = 5.0;
				TARGETED_DEVICE_FAMILY = "1,2";
			};
			name = Release;
		};
		30D151A0281EB58400BBDBE4 /* Debug */ = {
			isa = XCBuildConfiguration;
			buildSettings = {
				ALWAYS_EMBED_SWIFT_STANDARD_LIBRARIES = YES;
				BUNDLE_LOADER = "$(TEST_HOST)";
				CODE_SIGN_STYLE = Automatic;
				INFOPLIST_FILE = BinarAppsRecruitmentTaskTests/Info.plist;
				IPHONEOS_DEPLOYMENT_TARGET = 13.2;
				LD_RUNPATH_SEARCH_PATHS = (
					"$(inherited)",
					"@executable_path/Frameworks",
					"@loader_path/Frameworks",
				);
				PRODUCT_BUNDLE_IDENTIFIER = tp.BinarAppRecruitmentTaskTests;
				PRODUCT_NAME = "$(TARGET_NAME)";
				SWIFT_VERSION = 5.0;
				TARGETED_DEVICE_FAMILY = "1,2";
				TEST_HOST = "$(BUILT_PRODUCTS_DIR)/BinarAppsRecruitmentTask.app/BinarAppsRecruitmentTask";
			};
			name = Debug;
		};
		30D151A1281EB58400BBDBE4 /* Release */ = {
			isa = XCBuildConfiguration;
			buildSettings = {
				ALWAYS_EMBED_SWIFT_STANDARD_LIBRARIES = YES;
				BUNDLE_LOADER = "$(TEST_HOST)";
				CODE_SIGN_STYLE = Automatic;
				INFOPLIST_FILE = BinarAppsRecruitmentTaskTests/Info.plist;
				IPHONEOS_DEPLOYMENT_TARGET = 13.2;
				LD_RUNPATH_SEARCH_PATHS = (
					"$(inherited)",
					"@executable_path/Frameworks",
					"@loader_path/Frameworks",
				);
				PRODUCT_BUNDLE_IDENTIFIER = tp.BinarAppRecruitmentTaskTests;
				PRODUCT_NAME = "$(TARGET_NAME)";
				SWIFT_VERSION = 5.0;
				TARGETED_DEVICE_FAMILY = "1,2";
				TEST_HOST = "$(BUILT_PRODUCTS_DIR)/BinarAppsRecruitmentTask.app/BinarAppsRecruitmentTask";
			};
			name = Release;
		};
/* End XCBuildConfiguration section */

/* Begin XCConfigurationList section */
		30D15178281EB58000BBDBE4 /* Build configuration list for PBXProject "BinarAppsRecruitmentTask" */ = {
			isa = XCConfigurationList;
			buildConfigurations = (
				30D1519A281EB58400BBDBE4 /* Debug */,
				30D1519B281EB58400BBDBE4 /* Release */,
			);
			defaultConfigurationIsVisible = 0;
			defaultConfigurationName = Release;
		};
		30D1519C281EB58400BBDBE4 /* Build configuration list for PBXNativeTarget "BinarAppsRecruitmentTask" */ = {
			isa = XCConfigurationList;
			buildConfigurations = (
				30D1519D281EB58400BBDBE4 /* Debug */,
				30D1519E281EB58400BBDBE4 /* Release */,
			);
			defaultConfigurationIsVisible = 0;
			defaultConfigurationName = Release;
		};
		30D1519F281EB58400BBDBE4 /* Build configuration list for PBXNativeTarget "BinarAppsRecruitmentTaskTests" */ = {
			isa = XCConfigurationList;
			buildConfigurations = (
				30D151A0281EB58400BBDBE4 /* Debug */,
				30D151A1281EB58400BBDBE4 /* Release */,
			);
			defaultConfigurationIsVisible = 0;
			defaultConfigurationName = Release;
		};
/* End XCConfigurationList section */
	};
	rootObject = 30D15175281EB58000BBDBE4 /* Project object */;
}
